
Microsoft Visual Studio Solution File, Format Version 12.00
# Visual Studio Version 17
VisualStudioVersion = 17.0.31903.59
MinimumVisualStudioVersion = 10.0.40219.1
Project("{FAE04EC0-301F-11D3-BF4B-00C04F79EFBC}") = "MainApp", "MainApp\MainApp.csproj", "{A3FD952A-747C-4826-8DDA-4D40B8724F03}"
EndProject
Project("{FAE04EC0-301F-11D3-BF4B-00C04F79EFBC}") = "Infrastructure", "Infrastructure\Infrastructure.csproj", "{C1E3D8B2-B28D-4042-BE13-630FAE6BE70E}"
EndProject
Global
	GlobalSection(SolutionConfigurationPlatforms) = preSolution
		Debug|Any CPU = Debug|Any CPU
		Release|Any CPU = Release|Any CPU
	EndGlobalSection
	GlobalSection(SolutionProperties) = preSolution
		HideSolutionNode = FALSE
	EndGlobalSection
	GlobalSection(ProjectConfigurationPlatforms) = postSolution
		{A3FD952A-747C-4826-8DDA-4D40B8724F03}.Debug|Any CPU.ActiveCfg = Debug|Any CPU
		{A3FD952A-747C-4826-8DDA-4D40B8724F03}.Debug|Any CPU.Build.0 = Debug|Any CPU
		{A3FD952A-747C-4826-8DDA-4D40B8724F03}.Release|Any CPU.ActiveCfg = Release|Any CPU
		{A3FD952A-747C-4826-8DDA-4D40B8724F03}.Release|Any CPU.Build.0 = Release|Any CPU
		{C1E3D8B2-B28D-4042-BE13-630FAE6BE70E}.Debug|Any CPU.ActiveCfg = Debug|Any CPU
		{C1E3D8B2-B28D-4042-BE13-630FAE6BE70E}.Debug|Any CPU.Build.0 = Debug|Any CPU
		{C1E3D8B2-B28D-4042-BE13-630FAE6BE70E}.Release|Any CPU.ActiveCfg = Release|Any CPU
		{C1E3D8B2-B28D-4042-BE13-630FAE6BE70E}.Release|Any CPU.Build.0 = Release|Any CPU
	EndGlobalSection
EndGlobal
